// !$*UTF8*$!
{
	archiveVersion = 1;
	classes = {
	};
	objectVersion = 56;
	objects = {

/* Begin PBXBuildFile section */
		14DEE85F29DB6CFE002D5C8D /* AppDelegate.swift in Sources */ = {isa = PBXBuildFile; fileRef = 14DEE85E29DB6CFE002D5C8D /* AppDelegate.swift */; };
		14DEE86129DB6CFE002D5C8D /* SceneDelegate.swift in Sources */ = {isa = PBXBuildFile; fileRef = 14DEE86029DB6CFE002D5C8D /* SceneDelegate.swift */; };
		14DEE86329DB6CFE002D5C8D /* ViewController.swift in Sources */ = {isa = PBXBuildFile; fileRef = 14DEE86229DB6CFE002D5C8D /* ViewController.swift */; };
		14DEE86629DB6CFE002D5C8D /* Main.storyboard in Resources */ = {isa = PBXBuildFile; fileRef = 14DEE86429DB6CFE002D5C8D /* Main.storyboard */; };
		14DEE86829DB6CFE002D5C8D /* Assets.xcassets in Resources */ = {isa = PBXBuildFile; fileRef = 14DEE86729DB6CFE002D5C8D /* Assets.xcassets */; };
		14DEE86B29DB6CFE002D5C8D /* LaunchScreen.storyboard in Resources */ = {isa = PBXBuildFile; fileRef = 14DEE86929DB6CFE002D5C8D /* LaunchScreen.storyboard */; };
		14DEE87429DB7C54002D5C8D /* ViewController.swift in Sources */ = {isa = PBXBuildFile; fileRef = 14DEE86229DB6CFE002D5C8D /* ViewController.swift */; };
		14DEE87529DB7C54002D5C8D /* AppDelegate.swift in Sources */ = {isa = PBXBuildFile; fileRef = 14DEE85E29DB6CFE002D5C8D /* AppDelegate.swift */; };
		14DEE87629DB7C54002D5C8D /* SceneDelegate.swift in Sources */ = {isa = PBXBuildFile; fileRef = 14DEE86029DB6CFE002D5C8D /* SceneDelegate.swift */; };
		14DEE87929DB7C54002D5C8D /* LaunchScreen.storyboard in Resources */ = {isa = PBXBuildFile; fileRef = 14DEE86929DB6CFE002D5C8D /* LaunchScreen.storyboard */; };
		14DEE87B29DB7C54002D5C8D /* Main.storyboard in Resources */ = {isa = PBXBuildFile; fileRef = 14DEE86429DB6CFE002D5C8D /* Main.storyboard */; };
		14DEE88329DB82AE002D5C8D /* Assets.xcassets in Resources */ = {isa = PBXBuildFile; fileRef = 14DEE88229DB82AE002D5C8D /* Assets.xcassets */; };
		14DEE88529DB92C1002D5C8D /* DefaultProperties.plist in Resources */ = {isa = PBXBuildFile; fileRef = 14DEE88429DB92C1002D5C8D /* DefaultProperties.plist */; };
		14DEE88829DB94F1002D5C8D /* DefaultProperties.plist in Resources */ = {isa = PBXBuildFile; fileRef = 14DEE88629DB92FC002D5C8D /* DefaultProperties.plist */; };
/* End PBXBuildFile section */

/* Begin PBXFileReference section */
		14DEE85B29DB6CFE002D5C8D /* WhiteLabel.app */ = {isa = PBXFileReference; explicitFileType = wrapper.application; includeInIndex = 0; path = WhiteLabel.app; sourceTree = BUILT_PRODUCTS_DIR; };
		14DEE85E29DB6CFE002D5C8D /* AppDelegate.swift */ = {isa = PBXFileReference; lastKnownFileType = sourcecode.swift; path = AppDelegate.swift; sourceTree = "<group>"; };
		14DEE86029DB6CFE002D5C8D /* SceneDelegate.swift */ = {isa = PBXFileReference; lastKnownFileType = sourcecode.swift; path = SceneDelegate.swift; sourceTree = "<group>"; };
		14DEE86229DB6CFE002D5C8D /* ViewController.swift */ = {isa = PBXFileReference; lastKnownFileType = sourcecode.swift; path = ViewController.swift; sourceTree = "<group>"; };
		14DEE86529DB6CFE002D5C8D /* Base */ = {isa = PBXFileReference; lastKnownFileType = file.storyboard; name = Base; path = Base.lproj/Main.storyboard; sourceTree = "<group>"; };
		14DEE86729DB6CFE002D5C8D /* Assets.xcassets */ = {isa = PBXFileReference; lastKnownFileType = folder.assetcatalog; path = Assets.xcassets; sourceTree = "<group>"; };
		14DEE86A29DB6CFE002D5C8D /* Base */ = {isa = PBXFileReference; lastKnownFileType = file.storyboard; name = Base; path = Base.lproj/LaunchScreen.storyboard; sourceTree = "<group>"; };
		14DEE86C29DB6CFE002D5C8D /* Info.plist */ = {isa = PBXFileReference; lastKnownFileType = text.plist.xml; path = Info.plist; sourceTree = "<group>"; };
		14DEE87F29DB7C54002D5C8D /* WhiteLabel copy.app */ = {isa = PBXFileReference; explicitFileType = wrapper.application; includeInIndex = 0; path = "WhiteLabel copy.app"; sourceTree = BUILT_PRODUCTS_DIR; };
		14DEE88029DB7C54002D5C8D /* WhiteLabel copy-Info.plist */ = {isa = PBXFileReference; lastKnownFileType = text.plist.xml; name = "WhiteLabel copy-Info.plist"; path = "/Users/ianfagundes/Desktop/workspace/WhiteLabel/WhiteLabel copy-Info.plist"; sourceTree = "<absolute>"; };
		14DEE88229DB82AE002D5C8D /* Assets.xcassets */ = {isa = PBXFileReference; lastKnownFileType = folder.assetcatalog; path = Assets.xcassets; sourceTree = "<group>"; };
		14DEE88429DB92C1002D5C8D /* DefaultProperties.plist */ = {isa = PBXFileReference; lastKnownFileType = text.plist.xml; path = DefaultProperties.plist; sourceTree = "<group>"; };
		14DEE88629DB92FC002D5C8D /* DefaultProperties.plist */ = {isa = PBXFileReference; lastKnownFileType = text.plist.xml; path = DefaultProperties.plist; sourceTree = "<group>"; };
/* End PBXFileReference section */

/* Begin PBXFrameworksBuildPhase section */
		14DEE85829DB6CFE002D5C8D /* Frameworks */ = {
			isa = PBXFrameworksBuildPhase;
			buildActionMask = 2147483647;
			files = (
			);
			runOnlyForDeploymentPostprocessing = 0;
		};
		14DEE87729DB7C54002D5C8D /* Frameworks */ = {
			isa = PBXFrameworksBuildPhase;
			buildActionMask = 2147483647;
			files = (
			);
			runOnlyForDeploymentPostprocessing = 0;
		};
/* End PBXFrameworksBuildPhase section */

/* Begin PBXGroup section */
		14DEE85229DB6CFE002D5C8D = {
			isa = PBXGroup;
			children = (
				14DEE85D29DB6CFE002D5C8D /* WhiteLabel */,
				14DEE85C29DB6CFE002D5C8D /* Products */,
			);
			sourceTree = "<group>";
		};
		14DEE85C29DB6CFE002D5C8D /* Products */ = {
			isa = PBXGroup;
			children = (
				14DEE85B29DB6CFE002D5C8D /* WhiteLabel.app */,
				14DEE87F29DB7C54002D5C8D /* WhiteLabel copy.app */,
			);
			name = Products;
			sourceTree = "<group>";
		};
		14DEE85D29DB6CFE002D5C8D /* WhiteLabel */ = {
			isa = PBXGroup;
			children = (
				14DEE88429DB92C1002D5C8D /* DefaultProperties.plist */,
				14DEE88129DB802B002D5C8D /* WhiteLabelCopy */,
				14DEE85E29DB6CFE002D5C8D /* AppDelegate.swift */,
				14DEE86029DB6CFE002D5C8D /* SceneDelegate.swift */,
				14DEE86229DB6CFE002D5C8D /* ViewController.swift */,
				14DEE86429DB6CFE002D5C8D /* Main.storyboard */,
				14DEE86729DB6CFE002D5C8D /* Assets.xcassets */,
				14DEE86929DB6CFE002D5C8D /* LaunchScreen.storyboard */,
				14DEE86C29DB6CFE002D5C8D /* Info.plist */,
			);
			path = WhiteLabel;
			sourceTree = "<group>";
		};
		14DEE88129DB802B002D5C8D /* WhiteLabelCopy */ = {
			isa = PBXGroup;
			children = (
				14DEE88029DB7C54002D5C8D /* WhiteLabel copy-Info.plist */,
				14DEE88229DB82AE002D5C8D /* Assets.xcassets */,
				14DEE88629DB92FC002D5C8D /* DefaultProperties.plist */,
			);
			path = WhiteLabelCopy;
			sourceTree = "<group>";
		};
/* End PBXGroup section */

/* Begin PBXNativeTarget section */
		14DEE85A29DB6CFE002D5C8D /* WhiteLabel */ = {
			isa = PBXNativeTarget;
			buildConfigurationList = 14DEE86F29DB6CFE002D5C8D /* Build configuration list for PBXNativeTarget "WhiteLabel" */;
			buildPhases = (
				14DEE85729DB6CFE002D5C8D /* Sources */,
				14DEE85829DB6CFE002D5C8D /* Frameworks */,
				14DEE85929DB6CFE002D5C8D /* Resources */,
			);
			buildRules = (
			);
			dependencies = (
			);
			name = WhiteLabel;
			productName = WhiteLabel;
			productReference = 14DEE85B29DB6CFE002D5C8D /* WhiteLabel.app */;
			productType = "com.apple.product-type.application";
		};
		14DEE87229DB7C54002D5C8D /* WhiteLabel copy */ = {
			isa = PBXNativeTarget;
			buildConfigurationList = 14DEE87C29DB7C54002D5C8D /* Build configuration list for PBXNativeTarget "WhiteLabel copy" */;
			buildPhases = (
				14DEE87329DB7C54002D5C8D /* Sources */,
				14DEE87729DB7C54002D5C8D /* Frameworks */,
				14DEE87829DB7C54002D5C8D /* Resources */,
			);
			buildRules = (
			);
			dependencies = (
			);
			name = "WhiteLabel copy";
			productName = WhiteLabel;
			productReference = 14DEE87F29DB7C54002D5C8D /* WhiteLabel copy.app */;
			productType = "com.apple.product-type.application";
		};
/* End PBXNativeTarget section */

/* Begin PBXProject section */
		14DEE85329DB6CFE002D5C8D /* Project object */ = {
			isa = PBXProject;
			attributes = {
				BuildIndependentTargetsInParallel = 1;
				LastSwiftUpdateCheck = 1420;
				LastUpgradeCheck = 1420;
				TargetAttributes = {
					14DEE85A29DB6CFE002D5C8D = {
						CreatedOnToolsVersion = 14.2;
					};
				};
			};
			buildConfigurationList = 14DEE85629DB6CFE002D5C8D /* Build configuration list for PBXProject "WhiteLabel" */;
			compatibilityVersion = "Xcode 14.0";
			developmentRegion = en;
			hasScannedForEncodings = 0;
			knownRegions = (
				en,
				Base,
			);
			mainGroup = 14DEE85229DB6CFE002D5C8D;
			productRefGroup = 14DEE85C29DB6CFE002D5C8D /* Products */;
			projectDirPath = "";
			projectRoot = "";
			targets = (
				14DEE85A29DB6CFE002D5C8D /* WhiteLabel */,
				14DEE87229DB7C54002D5C8D /* WhiteLabel copy */,
			);
		};
/* End PBXProject section */

/* Begin PBXResourcesBuildPhase section */
		14DEE85929DB6CFE002D5C8D /* Resources */ = {
			isa = PBXResourcesBuildPhase;
			buildActionMask = 2147483647;
			files = (
				14DEE86B29DB6CFE002D5C8D /* LaunchScreen.storyboard in Resources */,
				14DEE86829DB6CFE002D5C8D /* Assets.xcassets in Resources */,
				14DEE86629DB6CFE002D5C8D /* Main.storyboard in Resources */,
				14DEE88529DB92C1002D5C8D /* DefaultProperties.plist in Resources */,
			);
			runOnlyForDeploymentPostprocessing = 0;
		};
		14DEE87829DB7C54002D5C8D /* Resources */ = {
			isa = PBXResourcesBuildPhase;
			buildActionMask = 2147483647;
			files = (
				14DEE87929DB7C54002D5C8D /* LaunchScreen.storyboard in Resources */,
				14DEE88329DB82AE002D5C8D /* Assets.xcassets in Resources */,
				14DEE87B29DB7C54002D5C8D /* Main.storyboard in Resources */,
				14DEE88829DB94F1002D5C8D /* DefaultProperties.plist in Resources */,
			);
			runOnlyForDeploymentPostprocessing = 0;
		};
/* End PBXResourcesBuildPhase section */

/* Begin PBXSourcesBuildPhase section */
		14DEE85729DB6CFE002D5C8D /* Sources */ = {
			isa = PBXSourcesBuildPhase;
			buildActionMask = 2147483647;
			files = (
				14DEE86329DB6CFE002D5C8D /* ViewController.swift in Sources */,
				14DEE85F29DB6CFE002D5C8D /* AppDelegate.swift in Sources */,
				14DEE86129DB6CFE002D5C8D /* SceneDelegate.swift in Sources */,
			);
			runOnlyForDeploymentPostprocessing = 0;
		};
		14DEE87329DB7C54002D5C8D /* Sources */ = {
			isa = PBXSourcesBuildPhase;
			buildActionMask = 2147483647;
			files = (
				14DEE87429DB7C54002D5C8D /* ViewController.swift in Sources */,
				14DEE87529DB7C54002D5C8D /* AppDelegate.swift in Sources */,
				14DEE87629DB7C54002D5C8D /* SceneDelegate.swift in Sources */,
			);
			runOnlyForDeploymentPostprocessing = 0;
		};
/* End PBXSourcesBuildPhase section */

/* Begin PBXVariantGroup section */
		14DEE86429DB6CFE002D5C8D /* Main.storyboard */ = {
			isa = PBXVariantGroup;
			children = (
				14DEE86529DB6CFE002D5C8D /* Base */,
			);
			name = Main.storyboard;
			sourceTree = "<group>";
		};
		14DEE86929DB6CFE002D5C8D /* LaunchScreen.storyboard */ = {
			isa = PBXVariantGroup;
			children = (
				14DEE86A29DB6CFE002D5C8D /* Base */,
			);
			name = LaunchScreen.storyboard;
			sourceTree = "<group>";
		};
/* End PBXVariantGroup section */

/* Begin XCBuildConfiguration section */
		14DEE86D29DB6CFE002D5C8D /* Debug */ = {
			isa = XCBuildConfiguration;
			buildSettings = {
				ALWAYS_SEARCH_USER_PATHS = NO;
				CLANG_ANALYZER_NONNULL = YES;
				CLANG_ANALYZER_NUMBER_OBJECT_CONVERSION = YES_AGGRESSIVE;
				CLANG_CXX_LANGUAGE_STANDARD = "gnu++20";
				CLANG_ENABLE_MODULES = YES;
				CLANG_ENABLE_OBJC_ARC = YES;
				CLANG_ENABLE_OBJC_WEAK = YES;
				CLANG_WARN_BLOCK_CAPTURE_AUTORELEASING = YES;
				CLANG_WARN_BOOL_CONVERSION = YES;
				CLANG_WARN_COMMA = YES;
				CLANG_WARN_CONSTANT_CONVERSION = YES;
				CLANG_WARN_DEPRECATED_OBJC_IMPLEMENTATIONS = YES;
				CLANG_WARN_DIRECT_OBJC_ISA_USAGE = YES_ERROR;
				CLANG_WARN_DOCUMENTATION_COMMENTS = YES;
				CLANG_WARN_EMPTY_BODY = YES;
				CLANG_WARN_ENUM_CONVERSION = YES;
				CLANG_WARN_INFINITE_RECURSION = YES;
				CLANG_WARN_INT_CONVERSION = YES;
				CLANG_WARN_NON_LITERAL_NULL_CONVERSION = YES;
				CLANG_WARN_OBJC_IMPLICIT_RETAIN_SELF = YES;
				CLANG_WARN_OBJC_LITERAL_CONVERSION = YES;
				CLANG_WARN_OBJC_ROOT_CLASS = YES_ERROR;
				CLANG_WARN_QUOTED_INCLUDE_IN_FRAMEWORK_HEADER = YES;
				CLANG_WARN_RANGE_LOOP_ANALYSIS = YES;
				CLANG_WARN_STRICT_PROTOTYPES = YES;
				CLANG_WARN_SUSPICIOUS_MOVE = YES;
				CLANG_WARN_UNGUARDED_AVAILABILITY = YES_AGGRESSIVE;
				CLANG_WARN_UNREACHABLE_CODE = YES;
				CLANG_WARN__DUPLICATE_METHOD_MATCH = YES;
				COPY_PHASE_STRIP = NO;
				DEBUG_INFORMATION_FORMAT = dwarf;
				ENABLE_STRICT_OBJC_MSGSEND = YES;
				ENABLE_TESTABILITY = YES;
				GCC_C_LANGUAGE_STANDARD = gnu11;
				GCC_DYNAMIC_NO_PIC = NO;
				GCC_NO_COMMON_BLOCKS = YES;
				GCC_OPTIMIZATION_LEVEL = 0;
				GCC_PREPROCESSOR_DEFINITIONS = (
					"DEBUG=1",
					"$(inherited)",
				);
				GCC_WARN_64_TO_32_BIT_CONVERSION = YES;
				GCC_WARN_ABOUT_RETURN_TYPE = YES_ERROR;
				GCC_WARN_UNDECLARED_SELECTOR = YES;
				GCC_WARN_UNINITIALIZED_AUTOS = YES_AGGRESSIVE;
				GCC_WARN_UNUSED_FUNCTION = YES;
				GCC_WARN_UNUSED_VARIABLE = YES;
				IPHONEOS_DEPLOYMENT_TARGET = 16.2;
				MTL_ENABLE_DEBUG_INFO = INCLUDE_SOURCE;
				MTL_FAST_MATH = YES;
				ONLY_ACTIVE_ARCH = YES;
				SDKROOT = iphoneos;
				SWIFT_ACTIVE_COMPILATION_CONDITIONS = DEBUG;
				SWIFT_OPTIMIZATION_LEVEL = "-Onone";
			};
			name = Debug;
		};
		14DEE86E29DB6CFE002D5C8D /* Release */ = {
			isa = XCBuildConfiguration;
			buildSettings = {
				ALWAYS_SEARCH_USER_PATHS = NO;
				CLANG_ANALYZER_NONNULL = YES;
				CLANG_ANALYZER_NUMBER_OBJECT_CONVERSION = YES_AGGRESSIVE;
				CLANG_CXX_LANGUAGE_STANDARD = "gnu++20";
				CLANG_ENABLE_MODULES = YES;
				CLANG_ENABLE_OBJC_ARC = YES;
				CLANG_ENABLE_OBJC_WEAK = YES;
				CLANG_WARN_BLOCK_CAPTURE_AUTORELEASING = YES;
				CLANG_WARN_BOOL_CONVERSION = YES;
				CLANG_WARN_COMMA = YES;
				CLANG_WARN_CONSTANT_CONVERSION = YES;
				CLANG_WARN_DEPRECATED_OBJC_IMPLEMENTATIONS = YES;
				CLANG_WARN_DIRECT_OBJC_ISA_USAGE = YES_ERROR;
				CLANG_WARN_DOCUMENTATION_COMMENTS = YES;
				CLANG_WARN_EMPTY_BODY = YES;
				CLANG_WARN_ENUM_CONVERSION = YES;
				CLANG_WARN_INFINITE_RECURSION = YES;
				CLANG_WARN_INT_CONVERSION = YES;
				CLANG_WARN_NON_LITERAL_NULL_CONVERSION = YES;
				CLANG_WARN_OBJC_IMPLICIT_RETAIN_SELF = YES;
				CLANG_WARN_OBJC_LITERAL_CONVERSION = YES;
				CLANG_WARN_OBJC_ROOT_CLASS = YES_ERROR;
				CLANG_WARN_QUOTED_INCLUDE_IN_FRAMEWORK_HEADER = YES;
				CLANG_WARN_RANGE_LOOP_ANALYSIS = YES;
				CLANG_WARN_STRICT_PROTOTYPES = YES;
				CLANG_WARN_SUSPICIOUS_MOVE = YES;
				CLANG_WARN_UNGUARDED_AVAILABILITY = YES_AGGRESSIVE;
				CLANG_WARN_UNREACHABLE_CODE = YES;
				CLANG_WARN__DUPLICATE_METHOD_MATCH = YES;
				COPY_PHASE_STRIP = NO;
				DEBUG_INFORMATION_FORMAT = "dwarf-with-dsym";
				ENABLE_NS_ASSERTIONS = NO;
				ENABLE_STRICT_OBJC_MSGSEND = YES;
				GCC_C_LANGUAGE_STANDARD = gnu11;
				GCC_NO_COMMON_BLOCKS = YES;
				GCC_WARN_64_TO_32_BIT_CONVERSION = YES;
				GCC_WARN_ABOUT_RETURN_TYPE = YES_ERROR;
				GCC_WARN_UNDECLARED_SELECTOR = YES;
				GCC_WARN_UNINITIALIZED_AUTOS = YES_AGGRESSIVE;
				GCC_WARN_UNUSED_FUNCTION = YES;
				GCC_WARN_UNUSED_VARIABLE = YES;
				IPHONEOS_DEPLOYMENT_TARGET = 16.2;
				MTL_ENABLE_DEBUG_INFO = NO;
				MTL_FAST_MATH = YES;
				SDKROOT = iphoneos;
				SWIFT_COMPILATION_MODE = wholemodule;
				SWIFT_OPTIMIZATION_LEVEL = "-O";
				VALIDATE_PRODUCT = YES;
			};
			name = Release;
		};
		14DEE87029DB6CFE002D5C8D /* Debug */ = {
			isa = XCBuildConfiguration;
			buildSettings = {
				ASSETCATALOG_COMPILER_APPICON_NAME = AppIcon;
				ASSETCATALOG_COMPILER_GLOBAL_ACCENT_COLOR_NAME = AccentColor;
				CODE_SIGN_STYLE = Automatic;
				CURRENT_PROJECT_VERSION = 1;
				DEVELOPMENT_TEAM = WDD8N4CRD3;
				GENERATE_INFOPLIST_FILE = YES;
				INFOPLIST_FILE = WhiteLabel/Info.plist;
				INFOPLIST_KEY_CFBundleDisplayName = WhiteLabel;
				INFOPLIST_KEY_UIApplicationSupportsIndirectInputEvents = YES;
				INFOPLIST_KEY_UILaunchStoryboardName = LaunchScreen;
				INFOPLIST_KEY_UIMainStoryboardFile = Main;
				INFOPLIST_KEY_UISupportedInterfaceOrientations_iPad = "UIInterfaceOrientationPortrait UIInterfaceOrientationPortraitUpsideDown UIInterfaceOrientationLandscapeLeft UIInterfaceOrientationLandscapeRight";
				INFOPLIST_KEY_UISupportedInterfaceOrientations_iPhone = "UIInterfaceOrientationPortrait UIInterfaceOrientationLandscapeLeft UIInterfaceOrientationLandscapeRight";
				LD_RUNPATH_SEARCH_PATHS = (
					"$(inherited)",
					"@executable_path/Frameworks",
				);
				MARKETING_VERSION = 1.0;
				PRODUCT_BUNDLE_IDENTIFIER = com.ianfagundes.WhiteLabel;
				PRODUCT_NAME = "$(TARGET_NAME)";
				SWIFT_EMIT_LOC_STRINGS = YES;
				SWIFT_VERSION = 5.0;
				TARGETED_DEVICE_FAMILY = "1,2";
			};
			name = Debug;
		};
		14DEE87129DB6CFE002D5C8D /* Release */ = {
			isa = XCBuildConfiguration;
			buildSettings = {
				ASSETCATALOG_COMPILER_APPICON_NAME = AppIcon;
				ASSETCATALOG_COMPILER_GLOBAL_ACCENT_COLOR_NAME = AccentColor;
				CODE_SIGN_STYLE = Automatic;
				CURRENT_PROJECT_VERSION = 1;
				DEVELOPMENT_TEAM = WDD8N4CRD3;
				GENERATE_INFOPLIST_FILE = YES;
				INFOPLIST_FILE = WhiteLabel/Info.plist;
				INFOPLIST_KEY_CFBundleDisplayName = WhiteLabel;
				INFOPLIST_KEY_UIApplicationSupportsIndirectInputEvents = YES;
				INFOPLIST_KEY_UILaunchStoryboardName = LaunchScreen;
				INFOPLIST_KEY_UIMainStoryboardFile = Main;
				INFOPLIST_KEY_UISupportedInterfaceOrientations_iPad = "UIInterfaceOrientationPortrait UIInterfaceOrientationPortraitUpsideDown UIInterfaceOrientationLandscapeLeft UIInterfaceOrientationLandscapeRight";
				INFOPLIST_KEY_UISupportedInterfaceOrientations_iPhone = "UIInterfaceOrientationPortrait UIInterfaceOrientationLandscapeLeft UIInterfaceOrientationLandscapeRight";
				LD_RUNPATH_SEARCH_PATHS = (
					"$(inherited)",
					"@executable_path/Frameworks",
				);
				MARKETING_VERSION = 1.0;
				PRODUCT_BUNDLE_IDENTIFIER = com.ianfagundes.WhiteLabel;
				PRODUCT_NAME = "$(TARGET_NAME)";
				SWIFT_EMIT_LOC_STRINGS = YES;
				SWIFT_VERSION = 5.0;
				TARGETED_DEVICE_FAMILY = "1,2";
			};
			name = Release;
		};
		14DEE87D29DB7C54002D5C8D /* Debug */ = {
			isa = XCBuildConfiguration;
			buildSettings = {
				ASSETCATALOG_COMPILER_APPICON_NAME = AppIcon;
				ASSETCATALOG_COMPILER_GLOBAL_ACCENT_COLOR_NAME = AccentColor;
				CODE_SIGN_STYLE = Automatic;
				CURRENT_PROJECT_VERSION = 1;
				DEVELOPMENT_TEAM = WDD8N4CRD3;
				GENERATE_INFOPLIST_FILE = YES;
				INFOPLIST_FILE = "WhiteLabel copy-Info.plist";
				INFOPLIST_KEY_CFBundleDisplayName = WhiteLabelCopy;
				INFOPLIST_KEY_UIApplicationSupportsIndirectInputEvents = YES;
				INFOPLIST_KEY_UILaunchStoryboardName = LaunchScreen;
				INFOPLIST_KEY_UIMainStoryboardFile = Main;
				INFOPLIST_KEY_UISupportedInterfaceOrientations_iPad = "UIInterfaceOrientationPortrait UIInterfaceOrientationPortraitUpsideDown UIInterfaceOrientationLandscapeLeft UIInterfaceOrientationLandscapeRight";
				INFOPLIST_KEY_UISupportedInterfaceOrientations_iPhone = "UIInterfaceOrientationPortrait UIInterfaceOrientationLandscapeLeft UIInterfaceOrientationLandscapeRight";
				LD_RUNPATH_SEARCH_PATHS = (
					"$(inherited)",
					"@executable_path/Frameworks",
				);
				MARKETING_VERSION = 1.0;
				PRODUCT_BUNDLE_IDENTIFIER = com.ianfagundes.WhiteLabelCopy;
				PRODUCT_NAME = "$(TARGET_NAME)";
				SWIFT_EMIT_LOC_STRINGS = YES;
				SWIFT_VERSION = 5.0;
				TARGETED_DEVICE_FAMILY = "1,2";
			};
			name = Debug;
		};
		14DEE87E29DB7C54002D5C8D /* Release */ = {
			isa = XCBuildConfiguration;
			buildSettings = {
				ASSETCATALOG_COMPILER_APPICON_NAME = AppIcon;
				ASSETCATALOG_COMPILER_GLOBAL_ACCENT_COLOR_NAME = AccentColor;
				CODE_SIGN_STYLE = Automatic;
				CURRENT_PROJECT_VERSION = 1;
				DEVELOPMENT_TEAM = WDD8N4CRD3;
				GENERATE_INFOPLIST_FILE = YES;
				INFOPLIST_FILE = "WhiteLabel copy-Info.plist";
				INFOPLIST_KEY_CFBundleDisplayName = WhiteLabelCopy;
				INFOPLIST_KEY_UIApplicationSupportsIndirectInputEvents = YES;
				INFOPLIST_KEY_UILaunchStoryboardName = LaunchScreen;
				INFOPLIST_KEY_UIMainStoryboardFile = Main;
				INFOPLIST_KEY_UISupportedInterfaceOrientations_iPad = "UIInterfaceOrientationPortrait UIInterfaceOrientationPortraitUpsideDown UIInterfaceOrientationLandscapeLeft UIInterfaceOrientationLandscapeRight";
				INFOPLIST_KEY_UISupportedInterfaceOrientations_iPhone = "UIInterfaceOrientationPortrait UIInterfaceOrientationLandscapeLeft UIInterfaceOrientationLandscapeRight";
				LD_RUNPATH_SEARCH_PATHS = (
					"$(inherited)",
					"@executable_path/Frameworks",
				);
				MARKETING_VERSION = 1.0;
				PRODUCT_BUNDLE_IDENTIFIER = com.ianfagundes.WhiteLabelCopy;
				PRODUCT_NAME = "$(TARGET_NAME)";
				SWIFT_EMIT_LOC_STRINGS = YES;
				SWIFT_VERSION = 5.0;
				TARGETED_DEVICE_FAMILY = "1,2";
			};
			name = Release;
		};
/* End XCBuildConfiguration section */

/* Begin XCConfigurationList section */
		14DEE85629DB6CFE002D5C8D /* Build configuration list for PBXProject "WhiteLabel" */ = {
			isa = XCConfigurationList;
			buildConfigurations = (
				14DEE86D29DB6CFE002D5C8D /* Debug */,
				14DEE86E29DB6CFE002D5C8D /* Release */,
			);
			defaultConfigurationIsVisible = 0;
			defaultConfigurationName = Release;
		};
		14DEE86F29DB6CFE002D5C8D /* Build configuration list for PBXNativeTarget "WhiteLabel" */ = {
			isa = XCConfigurationList;
			buildConfigurations = (
				14DEE87029DB6CFE002D5C8D /* Debug */,
				14DEE87129DB6CFE002D5C8D /* Release */,
			);
			defaultConfigurationIsVisible = 0;
			defaultConfigurationName = Release;
		};
		14DEE87C29DB7C54002D5C8D /* Build configuration list for PBXNativeTarget "WhiteLabel copy" */ = {
			isa = XCConfigurationList;
			buildConfigurations = (
				14DEE87D29DB7C54002D5C8D /* Debug */,
				14DEE87E29DB7C54002D5C8D /* Release */,
			);
			defaultConfigurationIsVisible = 0;
			defaultConfigurationName = Release;
		};
/* End XCConfigurationList section */
	};
	rootObject = 14DEE85329DB6CFE002D5C8D /* Project object */;
}
